
Microsoft Visual Studio Solution File, Format Version 12.00
# Visual Studio Version 16
VisualStudioVersion = 16.0.30011.22
MinimumVisualStudioVersion = 10.0.40219.1
Project("{FAE04EC0-301F-11D3-BF4B-00C04F79EFBC}") = "Solar", "Solar\Solar.csproj", "{A1DAB30C-826A-41F3-9988-C0660DC72F34}"
EndProject
Project("{FAE04EC0-301F-11D3-BF4B-00C04F79EFBC}") = "SolarUninstallHelper", "SolarUninstallHelper\SolarUninstallHelper.csproj", "{482EBAA9-B900-49D8-B9DE-9C560B44DFBF}"
EndProject
Global
	GlobalSection(SolutionConfigurationPlatforms) = preSolution
		Debug|Any CPU = Debug|Any CPU
		Debug|ARM = Debug|ARM
		Debug|ARM64 = Debug|ARM64
		Debug|x64 = Debug|x64
		Debug|x86 = Debug|x86
		Release|Any CPU = Release|Any CPU
		Release|ARM = Release|ARM
		Release|ARM64 = Release|ARM64
		Release|x64 = Release|x64
		Release|x86 = Release|x86
	EndGlobalSection
	GlobalSection(ProjectConfigurationPlatforms) = postSolution
		{A1DAB30C-826A-41F3-9988-C0660DC72F34}.Debug|Any CPU.ActiveCfg = Debug|Any CPU
		{A1DAB30C-826A-41F3-9988-C0660DC72F34}.Debug|Any CPU.Build.0 = Debug|Any CPU
		{A1DAB30C-826A-41F3-9988-C0660DC72F34}.Debug|ARM.ActiveCfg = Debug|Any CPU
		{A1DAB30C-826A-41F3-9988-C0660DC72F34}.Debug|ARM.Build.0 = Debug|Any CPU
		{A1DAB30C-826A-41F3-9988-C0660DC72F34}.Debug|ARM64.ActiveCfg = Debug|Any CPU
		{A1DAB30C-826A-41F3-9988-C0660DC72F34}.Debug|ARM64.Build.0 = Debug|Any CPU
		{A1DAB30C-826A-41F3-9988-C0660DC72F34}.Debug|x64.ActiveCfg = Debug|Any CPU
		{A1DAB30C-826A-41F3-9988-C0660DC72F34}.Debug|x64.Build.0 = Debug|Any CPU
		{A1DAB30C-826A-41F3-9988-C0660DC72F34}.Debug|x86.ActiveCfg = Debug|Any CPU
		{A1DAB30C-826A-41F3-9988-C0660DC72F34}.Debug|x86.Build.0 = Debug|Any CPU
		{A1DAB30C-826A-41F3-9988-C0660DC72F34}.Release|Any CPU.ActiveCfg = Release|Any CPU
		{A1DAB30C-826A-41F3-9988-C0660DC72F34}.Release|Any CPU.Build.0 = Release|Any CPU
		{A1DAB30C-826A-41F3-9988-C0660DC72F34}.Release|ARM.ActiveCfg = Release|Any CPU
		{A1DAB30C-826A-41F3-9988-C0660DC72F34}.Release|ARM.Build.0 = Release|Any CPU
		{A1DAB30C-826A-41F3-9988-C0660DC72F34}.Release|ARM64.ActiveCfg = Release|Any CPU
		{A1DAB30C-826A-41F3-9988-C0660DC72F34}.Release|ARM64.Build.0 = Release|Any CPU
		{A1DAB30C-826A-41F3-9988-C0660DC72F34}.Release|x64.ActiveCfg = Release|Any CPU
		{A1DAB30C-826A-41F3-9988-C0660DC72F34}.Release|x64.Build.0 = Release|Any CPU
		{A1DAB30C-826A-41F3-9988-C0660DC72F34}.Release|x86.ActiveCfg = Release|Any CPU
		{A1DAB30C-826A-41F3-9988-C0660DC72F34}.Release|x86.Build.0 = Release|Any CPU
		{482EBAA9-B900-49D8-B9DE-9C560B44DFBF}.Debug|Any CPU.ActiveCfg = Debug|Any CPU
		{482EBAA9-B900-49D8-B9DE-9C560B44DFBF}.Debug|Any CPU.Build.0 = Debug|Any CPU
		{482EBAA9-B900-49D8-B9DE-9C560B44DFBF}.Debug|ARM.ActiveCfg = Debug|Any CPU
		{482EBAA9-B900-49D8-B9DE-9C560B44DFBF}.Debug|ARM.Build.0 = Debug|Any CPU
		{482EBAA9-B900-49D8-B9DE-9C560B44DFBF}.Debug|ARM64.ActiveCfg = Debug|Any CPU
		{482EBAA9-B900-49D8-B9DE-9C560B44DFBF}.Debug|ARM64.Build.0 = Debug|Any CPU
		{482EBAA9-B900-49D8-B9DE-9C560B44DFBF}.Debug|x64.ActiveCfg = Debug|Any CPU
		{482EBAA9-B900-49D8-B9DE-9C560B44DFBF}.Debug|x64.Build.0 = Debug|Any CPU
		{482EBAA9-B900-49D8-B9DE-9C560B44DFBF}.Debug|x86.ActiveCfg = Debug|Any CPU
		{482EBAA9-B900-49D8-B9DE-9C560B44DFBF}.Debug|x86.Build.0 = Debug|Any CPU
		{482EBAA9-B900-49D8-B9DE-9C560B44DFBF}.Release|Any CPU.ActiveCfg = Release|Any CPU
		{482EBAA9-B900-49D8-B9DE-9C560B44DFBF}.Release|Any CPU.Build.0 = Release|Any CPU
		{482EBAA9-B900-49D8-B9DE-9C560B44DFBF}.Release|ARM.ActiveCfg = Release|Any CPU
		{482EBAA9-B900-49D8-B9DE-9C560B44DFBF}.Release|ARM.Build.0 = Release|Any CPU
		{482EBAA9-B900-49D8-B9DE-9C560B44DFBF}.Release|ARM64.ActiveCfg = Release|Any CPU
		{482EBAA9-B900-49D8-B9DE-9C560B44DFBF}.Release|ARM64.Build.0 = Release|Any CPU
		{482EBAA9-B900-49D8-B9DE-9C560B44DFBF}.Release|x64.ActiveCfg = Release|Any CPU
		{482EBAA9-B900-49D8-B9DE-9C560B44DFBF}.Release|x64.Build.0 = Release|Any CPU
		{482EBAA9-B900-49D8-B9DE-9C560B44DFBF}.Release|x86.ActiveCfg = Release|Any CPU
		{482EBAA9-B900-49D8-B9DE-9C560B44DFBF}.Release|x86.Build.0 = Release|Any CPU
	EndGlobalSection
	GlobalSection(SolutionProperties) = preSolution
		HideSolutionNode = FALSE
	EndGlobalSection
	GlobalSection(ExtensibilityGlobals) = postSolution
		SolutionGuid = {79CB9F2D-D451-4C87-AD6B-A3C645EB938D}
	EndGlobalSection
EndGlobal
